
Microsoft Visual Studio Solution File, Format Version 12.00
# Visual Studio Version 16
VisualStudioVersion = 16.0.30907.101
MinimumVisualStudioVersion = 10.0.40219.1
Project("{FAE04EC0-301F-11D3-BF4B-00C04F79EFBC}") = "DigitalClock", "DigitalClock\DigitalClock.csproj", "{1C34D3A9-8402-4621-B402-ECFA587CBD54}"
EndProject
Global
	GlobalSection(SolutionConfigurationPlatforms) = preSolution
		Debug|Any CPU = Debug|Any CPU
		Release|Any CPU = Release|Any CPU
	EndGlobalSection
	GlobalSection(ProjectConfigurationPlatforms) = postSolution
		{1C34D3A9-8402-4621-B402-ECFA587CBD54}.Debug|Any CPU.ActiveCfg = Debug|Any CPU
		{1C34D3A9-8402-4621-B402-ECFA587CBD54}.Debug|Any CPU.Build.0 = Debug|Any CPU
		{1C34D3A9-8402-4621-B402-ECFA587CBD54}.Release|Any CPU.ActiveCfg = Release|Any CPU
		{1C34D3A9-8402-4621-B402-ECFA587CBD54}.Release|Any CPU.Build.0 = Release|Any CPU
	EndGlobalSection
	GlobalSection(SolutionProperties) = preSolution
		HideSolutionNode = FALSE
	EndGlobalSection
	GlobalSection(ExtensibilityGlobals) = postSolution
		SolutionGuid = {D0879969-853A-4048-898E-95A0487E8E91}
	EndGlobalSection
EndGlobal
